hash: 6b7ae54c7ee2351d1d4e36275bdbe03e79105493aa71ddff88cf431206378f2e
updated: 2018-02-05T07:49:49.148543034Z
imports:
- name: github.com/dgruber/drmaa
  version: 8f20cd174d2089892007035ae5d5338bc58d815b
- name: github.com/ghodss/yaml
  version: 0ca9ea5df5451ffdf184b4428c902747c2c11cd7
- name: gopkg.in/yaml.v2
  version: d670f9405373e636a5a2765eea47fac0c9bc91a4
testImports: []
